
Microsoft Visual Studio Solution File, Format Version 12.00
# Visual Studio Version 16
VisualStudioVersion = 16.0.30621.155
MinimumVisualStudioVersion = 10.0.40219.1
Project("{FAE04EC0-301F-11D3-BF4B-00C04F79EFBC}") = "GTA_5_Job_Copy_Tool", "GTA_5_Job_Copy_Tool\GTA_5_Job_Copy_Tool.csproj", "{C11A378A-BC17-4094-88AC-6FE09E74526E}"
EndProject
Global
	GlobalSection(SolutionConfigurationPlatforms) = preSolution
		Debug|Any CPU = Debug|Any CPU
		Release|Any CPU = Release|Any CPU
	EndGlobalSection
	GlobalSection(ProjectConfigurationPlatforms) = postSolution
		{C11A378A-BC17-4094-88AC-6FE09E74526E}.Debug|Any CPU.ActiveCfg = Debug|Any CPU
		{C11A378A-BC17-4094-88AC-6FE09E74526E}.Debug|Any CPU.Build.0 = Debug|Any CPU
		{C11A378A-BC17-4094-88AC-6FE09E74526E}.Release|Any CPU.ActiveCfg = Release|Any CPU
		{C11A378A-BC17-4094-88AC-6FE09E74526E}.Release|Any CPU.Build.0 = Release|Any CPU
	EndGlobalSection
	GlobalSection(SolutionProperties) = preSolution
		HideSolutionNode = FALSE
	EndGlobalSection
	GlobalSection(ExtensibilityGlobals) = postSolution
		SolutionGuid = {1C10364E-FBC3-4327-898C-3F1F3A56C4BD}
	EndGlobalSection
EndGlobal
